{
  "name": "node-consumer",
  "version": "1.0.0",
  "lockfileVersion": 2,
  "requires": true,
  "packages": {
    "": {
      "version": "1.0.0",
      "license": "ISC",
      "dependencies": {
        "validator-lib": "../build/productionLibrary"
      }
    },
    "../build/productionLibrary": {
      "name": "validation-lib",
      "version": "1.0.6",
      "devDependencies": {
        "dukat": "0.5.8-rc.3"
      }
    },
    "node_modules/validator-lib": {
      "resolved": "../build/productionLibrary",
      "link": true
    }
  },
  "dependencies": {
    "validator-lib": {
      "version": "file:../build/productionLibrary",
      "requires": {
        "dukat": "0.5.8-rc.3"
      }
    }
  }
}
